// !$*UTF8*$!
{
	archiveVersion = 1;
	classes = {
	};
	objectVersion = 46;
	objects = {

/* Begin PBXBuildFile section */
		0C27DC8EDD7B979D15DF83AA /* Pods_WenZhouSports.framework in Frameworks */ = {isa = PBXBuildFile; fileRef = 362BC04C77BC60C0E6C52970 /* Pods_WenZhouSports.framework */; };
		5401BB741EB823F000003C51 /* Dao.m in Sources */ = {isa = PBXBuildFile; fileRef = 5401BB731EB823F000003C51 /* Dao.m */; };
		5401BB841EB972FD00003C51 /* HomeController.m in Sources */ = {isa = PBXBuildFile; fileRef = 5401BB831EB972FD00003C51 /* HomeController.m */; };
		5401BB871EB98C8D00003C51 /* LaunchView.m in Sources */ = {isa = PBXBuildFile; fileRef = 5401BB861EB98C8D00003C51 /* LaunchView.m */; };
		5401BB881EB9AF1D00003C51 /* Assets.xcassets in Resources */ = {isa = PBXBuildFile; fileRef = 542DCC461EB1F26A00EDAD91 /* Assets.xcassets */; };
		5401BB8B1EB9B2AB00003C51 /* LaunchController.m in Sources */ = {isa = PBXBuildFile; fileRef = 5401BB8A1EB9B2AB00003C51 /* LaunchController.m */; };
		5401BB8E1EB9B88300003C51 /* BaseViewController.m in Sources */ = {isa = PBXBuildFile; fileRef = 5401BB8D1EB9B88300003C51 /* BaseViewController.m */; };
		5401BB911EB9CE9B00003C51 /* LineTextField.m in Sources */ = {isa = PBXBuildFile; fileRef = 5401BB901EB9CE9A00003C51 /* LineTextField.m */; };
		542D6DCB1EC045A900E26F62 /* CellWithCuttingLine.m in Sources */ = {isa = PBXBuildFile; fileRef = 542D6DCA1EC045A900E26F62 /* CellWithCuttingLine.m */; };
		542D6DCE1EC060DA00E26F62 /* SportsDetailView.m in Sources */ = {isa = PBXBuildFile; fileRef = 542D6DCD1EC060DA00E26F62 /* SportsDetailView.m */; };
		542D6DD11EC2AB7500E26F62 /* SportsDetailsController.m in Sources */ = {isa = PBXBuildFile; fileRef = 542D6DD01EC2AB7500E26F62 /* SportsDetailsController.m */; };
		542D6DD41EC2EEFC00E26F62 /* UIButton+EdgesInsertStyle.m in Sources */ = {isa = PBXBuildFile; fileRef = 542D6DD31EC2EEFC00E26F62 /* UIButton+EdgesInsertStyle.m */; };
		542D6DDD1EC315FA00E26F62 /* NSNumber+SetScale.m in Sources */ = {isa = PBXBuildFile; fileRef = 542D6DDC1EC315FA00E26F62 /* NSNumber+SetScale.m */; };
		542D6DE01EC7021000E26F62 /* MAMutablePolyline.m in Sources */ = {isa = PBXBuildFile; fileRef = 542D6DDF1EC7021000E26F62 /* MAMutablePolyline.m */; };
		542D6DE31EC7028700E26F62 /* MAMutablePolylineRenderer.m in Sources */ = {isa = PBXBuildFile; fileRef = 542D6DE21EC7028700E26F62 /* MAMutablePolylineRenderer.m */; };
		542D6DE61EC9A60D00E26F62 /* SportsDetailViewModel.m in Sources */ = {isa = PBXBuildFile; fileRef = 542D6DE51EC9A60D00E26F62 /* SportsDetailViewModel.m */; };
		542D6DEF1EC9AA2500E26F62 /* BaseDao+Category.m in Sources */ = {isa = PBXBuildFile; fileRef = 542D6DEE1EC9AA2500E26F62 /* BaseDao+Category.m */; };
		542DCC3C1EB1F26A00EDAD91 /* main.m in Sources */ = {isa = PBXBuildFile; fileRef = 542DCC3B1EB1F26A00EDAD91 /* main.m */; };
		542DCC3F1EB1F26A00EDAD91 /* AppDelegate.m in Sources */ = {isa = PBXBuildFile; fileRef = 542DCC3E1EB1F26A00EDAD91 /* AppDelegate.m */; };
		542DCC4A1EB1F26A00EDAD91 /* LaunchScreen.storyboard in Resources */ = {isa = PBXBuildFile; fileRef = 542DCC481EB1F26A00EDAD91 /* LaunchScreen.storyboard */; };
		542DCC551EB1F26A00EDAD91 /* WenZhouSportsUITests.m in Sources */ = {isa = PBXBuildFile; fileRef = 542DCC541EB1F26A00EDAD91 /* WenZhouSportsUITests.m */; };
		547064641EB822D30069BFE6 /* AFHTTPSessionManager+RACSupport.m in Sources */ = {isa = PBXBuildFile; fileRef = 547064611EB822D30069BFE6 /* AFHTTPSessionManager+RACSupport.m */; };
		547064651EB822D30069BFE6 /* UIView+Util.m in Sources */ = {isa = PBXBuildFile; fileRef = 547064631EB822D30069BFE6 /* UIView+Util.m */; };
		54E92F5A1EBB2E150073BABF /* PersonalCenterView.m in Sources */ = {isa = PBXBuildFile; fileRef = 54E92F591EBB2E150073BABF /* PersonalCenterView.m */; };
		54E92F5D1EBD98920073BABF /* RankingView.m in Sources */ = {isa = PBXBuildFile; fileRef = 54E92F5C1EBD98920073BABF /* RankingView.m */; };
		54E92F601EBDA9B00073BABF /* RankingController.m in Sources */ = {isa = PBXBuildFile; fileRef = 54E92F5F1EBDA9B00073BABF /* RankingController.m */; };
		54E92F661EBE01460073BABF /* UIImageView+Hexagon.m in Sources */ = {isa = PBXBuildFile; fileRef = 54E92F651EBE01460073BABF /* UIImageView+Hexagon.m */; };
		B8604A2E1EE8243A00ACBC8D /* HomeViewModel.m in Sources */ = {isa = PBXBuildFile; fileRef = B8604A2D1EE8243900ACBC8D /* HomeViewModel.m */; };
		B8604A311EE98B5D00ACBC8D /* APIInterface.m in Sources */ = {isa = PBXBuildFile; fileRef = B8604A301EE98B5D00ACBC8D /* APIInterface.m */; };
		B8604A341EE9AABB00ACBC8D /* StudentModel.m in Sources */ = {isa = PBXBuildFile; fileRef = B8604A331EE9AABB00ACBC8D /* StudentModel.m */; };
		B8604A381EEA8BE300ACBC8D /* NSString+JsonToDictionary.m in Sources */ = {isa = PBXBuildFile; fileRef = B8604A371EEA8BE300ACBC8D /* NSString+JsonToDictionary.m */; };
		B8604A3C1EEAA0EB00ACBC8D /* Dao+Home.m in Sources */ = {isa = PBXBuildFile; fileRef = B8604A3B1EEAA0EB00ACBC8D /* Dao+Home.m */; };
		B885CBB81EDFB6550074FBEF /* SportsHistoryController.m in Sources */ = {isa = PBXBuildFile; fileRef = B885CBB71EDFB6550074FBEF /* SportsHistoryController.m */; };
		B885CBBB1EDFB8A00074FBEF /* BaseCell.m in Sources */ = {isa = PBXBuildFile; fileRef = B885CBBA1EDFB8A00074FBEF /* BaseCell.m */; };
		B885CBBF1EE008F40074FBEF /* SportsHistoryHeaderCell.m in Sources */ = {isa = PBXBuildFile; fileRef = B885CBBE1EE008F40074FBEF /* SportsHistoryHeaderCell.m */; };
		B885CBC21EE01CB30074FBEF /* SportsHistoryItemCell.m in Sources */ = {isa = PBXBuildFile; fileRef = B885CBC11EE01CB30074FBEF /* SportsHistoryItemCell.m */; };
		B885CBC61EE036DA0074FBEF /* HomeItemCell.m in Sources */ = {isa = PBXBuildFile; fileRef = B885CBC51EE036DA0074FBEF /* HomeItemCell.m */; };
		B8A05F6A1EE1A4B6003AEC95 /* ForgetPasswordController.m in Sources */ = {isa = PBXBuildFile; fileRef = B8A05F691EE1A4B6003AEC95 /* ForgetPasswordController.m */; };
		B8A05F6D1EE1A50A003AEC95 /* ForgetPasswordView.m in Sources */ = {isa = PBXBuildFile; fileRef = B8A05F6C1EE1A50A003AEC95 /* ForgetPasswordView.m */; };
		B8A05F701EE1A879003AEC95 /* VerificationCodeController.m in Sources */ = {isa = PBXBuildFile; fileRef = B8A05F6F1EE1A879003AEC95 /* VerificationCodeController.m */; };
		B8A05F731EE1A90D003AEC95 /* VerificationCodeView.m in Sources */ = {isa = PBXBuildFile; fileRef = B8A05F721EE1A90D003AEC95 /* VerificationCodeView.m */; };
		B8A05F761EE1C5B6003AEC95 /* PersonInfoController.m in Sources */ = {isa = PBXBuildFile; fileRef = B8A05F751EE1C5B6003AEC95 /* PersonInfoController.m */; };
		B8A05F7A1EE1C6AD003AEC95 /* PersonInfoCell.m in Sources */ = {isa = PBXBuildFile; fileRef = B8A05F791EE1C6AD003AEC95 /* PersonInfoCell.m */; };
		B8A05F7D1EE1C9D5003AEC95 /* SportsPerformanceController.m in Sources */ = {isa = PBXBuildFile; fileRef = B8A05F7C1EE1C9D5003AEC95 /* SportsPerformanceController.m */; };
		B8A05F811EE1CA2B003AEC95 /* SportsPerformanceCell.m in Sources */ = {isa = PBXBuildFile; fileRef = B8A05F801EE1CA2B003AEC95 /* SportsPerformanceCell.m */; };
		B8A05F841EE1CC38003AEC95 /* ApproveController.m in Sources */ = {isa = PBXBuildFile; fileRef = B8A05F831EE1CC38003AEC95 /* ApproveController.m */; };
		B8A05F881EE1CD0A003AEC95 /* ApproveItemCell.m in Sources */ = {isa = PBXBuildFile; fileRef = B8A05F871EE1CD0A003AEC95 /* ApproveItemCell.m */; };
		B8A05F8B1EE25AE0003AEC95 /* SettingController.m in Sources */ = {isa = PBXBuildFile; fileRef = B8A05F8A1EE25AE0003AEC95 /* SettingController.m */; };
		B8A05F8E1EE2F38F003AEC95 /* UIViewController+BackButtonHandler.m in Sources */ = {isa = PBXBuildFile; fileRef = B8A05F8D1EE2F38F003AEC95 /* UIViewController+BackButtonHandler.m */; };
		B8B522861EE106210038A83C /* HomeTotalCell.m in Sources */ = {isa = PBXBuildFile; fileRef = B8B522851EE106210038A83C /* HomeTotalCell.m */; };
		B8DF48B11EE14B480088377D /* HomeRankCell.m in Sources */ = {isa = PBXBuildFile; fileRef = B8DF48B01EE14B480088377D /* HomeRankCell.m */; };
		B8DF48B41EE14D7A0088377D /* HomeSportsTypeCell.m in Sources */ = {isa = PBXBuildFile; fileRef = B8DF48B31EE14D7A0088377D /* HomeSportsTypeCell.m */; };
		B8DF48B91EE155C30088377D /* LoginTextView.m in Sources */ = {isa = PBXBuildFile; fileRef = B8DF48B81EE155C30088377D /* LoginTextView.m */; };
		B8DF48BF1EE15F930088377D /* LoginView.m in Sources */ = {isa = PBXBuildFile; fileRef = B8DF48BE1EE15F930088377D /* LoginView.m */; };
		B8DF48C21EE161890088377D /* LoginController.m in Sources */ = {isa = PBXBuildFile; fileRef = B8DF48C11EE161890088377D /* LoginController.m */; };
		B8DF48C51EE16AA90088377D /* UINavigationItem+Addition.m in Sources */ = {isa = PBXBuildFile; fileRef = B8DF48C41EE16AA90088377D /* UINavigationItem+Addition.m */; };
		B8DF48C81EE16E270088377D /* UINavigationBar+Awesome.m in Sources */ = {isa = PBXBuildFile; fileRef = B8DF48C71EE16E270088377D /* UINavigationBar+Awesome.m */; };
/* End PBXBuildFile section */

/* Begin PBXContainerItemProxy section */
		542DCC511EB1F26A00EDAD91 /* PBXContainerItemProxy */ = {
			isa = PBXContainerItemProxy;
			containerPortal = 542DCC2F1EB1F26A00EDAD91 /* Project object */;
			proxyType = 1;
			remoteGlobalIDString = 542DCC361EB1F26A00EDAD91;
			remoteInfo = WenZhouSports;
		};
/* End PBXContainerItemProxy section */

/* Begin PBXFileReference section */
		362BC04C77BC60C0E6C52970 /* Pods_WenZhouSports.framework */ = {isa = PBXFileReference; explicitFileType = wrapper.framework; includeInIndex = 0; path = Pods_WenZhouSports.framework; sourceTree = BUILT_PRODUCTS_DIR; };
		5401BB721EB823F000003C51 /* Dao.h */ = {isa = PBXFileReference; fileEncoding = 4; lastKnownFileType = sourcecode.c.h; path = Dao.h; sourceTree = "<group>"; };
		5401BB731EB823F000003C51 /* Dao.m */ = {isa = PBXFileReference; fileEncoding = 4; lastKnownFileType = sourcecode.c.objc; path = Dao.m; sourceTree = "<group>"; };
		5401BB821EB972FD00003C51 /* HomeController.h */ = {isa = PBXFileReference; fileEncoding = 4; lastKnownFileType = sourcecode.c.h; path = HomeController.h; sourceTree = "<group>"; };
		5401BB831EB972FD00003C51 /* HomeController.m */ = {isa = PBXFileReference; fileEncoding = 4; lastKnownFileType = sourcecode.c.objc; path = HomeController.m; sourceTree = "<group>"; };
		5401BB851EB98C8D00003C51 /* LaunchView.h */ = {isa = PBXFileReference; fileEncoding = 4; lastKnownFileType = sourcecode.c.h; path = LaunchView.h; sourceTree = "<group>"; };
		5401BB861EB98C8D00003C51 /* LaunchView.m */ = {isa = PBXFileReference; fileEncoding = 4; lastKnownFileType = sourcecode.c.objc; path = LaunchView.m; sourceTree = "<group>"; };
		5401BB891EB9B2AB00003C51 /* LaunchController.h */ = {isa = PBXFileReference; fileEncoding = 4; lastKnownFileType = sourcecode.c.h; path = LaunchController.h; sourceTree = "<group>"; };
		5401BB8A1EB9B2AB00003C51 /* LaunchController.m */ = {isa = PBXFileReference; fileEncoding = 4; lastKnownFileType = sourcecode.c.objc; path = LaunchController.m; sourceTree = "<group>"; };
		5401BB8C1EB9B88300003C51 /* BaseViewController.h */ = {isa = PBXFileReference; fileEncoding = 4; lastKnownFileType = sourcecode.c.h; path = BaseViewController.h; sourceTree = "<group>"; };
		5401BB8D1EB9B88300003C51 /* BaseViewController.m */ = {isa = PBXFileReference; fileEncoding = 4; lastKnownFileType = sourcecode.c.objc; path = BaseViewController.m; sourceTree = "<group>"; };
		5401BB8F1EB9CE9A00003C51 /* LineTextField.h */ = {isa = PBXFileReference; fileEncoding = 4; lastKnownFileType = sourcecode.c.h; name = LineTextField.h; path = ../Utils/LineTextField.h; sourceTree = "<group>"; };
		5401BB901EB9CE9A00003C51 /* LineTextField.m */ = {isa = PBXFileReference; fileEncoding = 4; lastKnownFileType = sourcecode.c.objc; name = LineTextField.m; path = ../Utils/LineTextField.m; sourceTree = "<group>"; };
		542D6DC91EC045A900E26F62 /* CellWithCuttingLine.h */ = {isa = PBXFileReference; fileEncoding = 4; lastKnownFileType = sourcecode.c.h; path = CellWithCuttingLine.h; sourceTree = "<group>"; };
		542D6DCA1EC045A900E26F62 /* CellWithCuttingLine.m */ = {isa = PBXFileReference; fileEncoding = 4; lastKnownFileType = sourcecode.c.objc; path = CellWithCuttingLine.m; sourceTree = "<group>"; };
		542D6DCC1EC060DA00E26F62 /* SportsDetailView.h */ = {isa = PBXFileReference; fileEncoding = 4; lastKnownFileType = sourcecode.c.h; path = SportsDetailView.h; sourceTree = "<group>"; };
		542D6DCD1EC060DA00E26F62 /* SportsDetailView.m */ = {isa = PBXFileReference; fileEncoding = 4; lastKnownFileType = sourcecode.c.objc; path = SportsDetailView.m; sourceTree = "<group>"; };
		542D6DCF1EC2AB7500E26F62 /* SportsDetailsController.h */ = {isa = PBXFileReference; fileEncoding = 4; lastKnownFileType = sourcecode.c.h; path = SportsDetailsController.h; sourceTree = "<group>"; };
		542D6DD01EC2AB7500E26F62 /* SportsDetailsController.m */ = {isa = PBXFileReference; fileEncoding = 4; lastKnownFileType = sourcecode.c.objc; path = SportsDetailsController.m; sourceTree = "<group>"; };
		542D6DD21EC2EEFC00E26F62 /* UIButton+EdgesInsertStyle.h */ = {isa = PBXFileReference; fileEncoding = 4; lastKnownFileType = sourcecode.c.h; path = "UIButton+EdgesInsertStyle.h"; sourceTree = "<group>"; };
		542D6DD31EC2EEFC00E26F62 /* UIButton+EdgesInsertStyle.m */ = {isa = PBXFileReference; fileEncoding = 4; lastKnownFileType = sourcecode.c.objc; path = "UIButton+EdgesInsertStyle.m"; sourceTree = "<group>"; };
		542D6DDB1EC315FA00E26F62 /* NSNumber+SetScale.h */ = {isa = PBXFileReference; fileEncoding = 4; lastKnownFileType = sourcecode.c.h; path = "NSNumber+SetScale.h"; sourceTree = "<group>"; };
		542D6DDC1EC315FA00E26F62 /* NSNumber+SetScale.m */ = {isa = PBXFileReference; fileEncoding = 4; lastKnownFileType = sourcecode.c.objc; path = "NSNumber+SetScale.m"; sourceTree = "<group>"; };
		542D6DDE1EC7021000E26F62 /* MAMutablePolyline.h */ = {isa = PBXFileReference; fileEncoding = 4; lastKnownFileType = sourcecode.c.h; path = MAMutablePolyline.h; sourceTree = "<group>"; };
		542D6DDF1EC7021000E26F62 /* MAMutablePolyline.m */ = {isa = PBXFileReference; fileEncoding = 4; lastKnownFileType = sourcecode.c.objc; path = MAMutablePolyline.m; sourceTree = "<group>"; };
		542D6DE11EC7028700E26F62 /* MAMutablePolylineRenderer.h */ = {isa = PBXFileReference; fileEncoding = 4; lastKnownFileType = sourcecode.c.h; path = MAMutablePolylineRenderer.h; sourceTree = "<group>"; };
		542D6DE21EC7028700E26F62 /* MAMutablePolylineRenderer.m */ = {isa = PBXFileReference; fileEncoding = 4; lastKnownFileType = sourcecode.c.objc; path = MAMutablePolylineRenderer.m; sourceTree = "<group>"; };
		542D6DE41EC9A60D00E26F62 /* SportsDetailViewModel.h */ = {isa = PBXFileReference; fileEncoding = 4; lastKnownFileType = sourcecode.c.h; path = SportsDetailViewModel.h; sourceTree = "<group>"; };
		542D6DE51EC9A60D00E26F62 /* SportsDetailViewModel.m */ = {isa = PBXFileReference; fileEncoding = 4; lastKnownFileType = sourcecode.c.objc; path = SportsDetailViewModel.m; sourceTree = "<group>"; };
		542D6DED1EC9AA2500E26F62 /* BaseDao+Category.h */ = {isa = PBXFileReference; fileEncoding = 4; lastKnownFileType = sourcecode.c.h; path = "BaseDao+Category.h"; sourceTree = "<group>"; };
		542D6DEE1EC9AA2500E26F62 /* BaseDao+Category.m */ = {isa = PBXFileReference; fileEncoding = 4; lastKnownFileType = sourcecode.c.objc; path = "BaseDao+Category.m"; sourceTree = "<group>"; };
		542D6DF01ECAA6E400E26F62 /* zh-Hans */ = {isa = PBXFileReference; lastKnownFileType = text.plist.strings; name = "zh-Hans"; path = "zh-Hans.lproj/LaunchScreen.strings"; sourceTree = "<group>"; };
		542DCC371EB1F26A00EDAD91 /* WenZhouSports.app */ = {isa = PBXFileReference; explicitFileType = wrapper.application; includeInIndex = 0; path = WenZhouSports.app; sourceTree = BUILT_PRODUCTS_DIR; };
		542DCC3B1EB1F26A00EDAD91 /* main.m */ = {isa = PBXFileReference; lastKnownFileType = sourcecode.c.objc; path = main.m; sourceTree = "<group>"; };
		542DCC3D1EB1F26A00EDAD91 /* AppDelegate.h */ = {isa = PBXFileReference; lastKnownFileType = sourcecode.c.h; path = AppDelegate.h; sourceTree = "<group>"; };
		542DCC3E1EB1F26A00EDAD91 /* AppDelegate.m */ = {isa = PBXFileReference; lastKnownFileType = sourcecode.c.objc; path = AppDelegate.m; sourceTree = "<group>"; };
		542DCC461EB1F26A00EDAD91 /* Assets.xcassets */ = {isa = PBXFileReference; lastKnownFileType = folder.assetcatalog; path = Assets.xcassets; sourceTree = "<group>"; };
		542DCC491EB1F26A00EDAD91 /* Base */ = {isa = PBXFileReference; lastKnownFileType = file.storyboard; name = Base; path = Base.lproj/LaunchScreen.storyboard; sourceTree = "<group>"; };
		542DCC4B1EB1F26A00EDAD91 /* Info.plist */ = {isa = PBXFileReference; lastKnownFileType = text.plist.xml; path = Info.plist; sourceTree = "<group>"; };
		542DCC501EB1F26A00EDAD91 /* WenZhouSportsUITests.xctest */ = {isa = PBXFileReference; explicitFileType = wrapper.cfbundle; includeInIndex = 0; path = WenZhouSportsUITests.xctest; sourceTree = BUILT_PRODUCTS_DIR; };
		542DCC541EB1F26A00EDAD91 /* WenZhouSportsUITests.m */ = {isa = PBXFileReference; lastKnownFileType = sourcecode.c.objc; path = WenZhouSportsUITests.m; sourceTree = "<group>"; };
		542DCC561EB1F26A00EDAD91 /* Info.plist */ = {isa = PBXFileReference; lastKnownFileType = text.plist.xml; path = Info.plist; sourceTree = "<group>"; };
		547064601EB822D30069BFE6 /* AFHTTPSessionManager+RACSupport.h */ = {isa = PBXFileReference; fileEncoding = 4; lastKnownFileType = sourcecode.c.h; path = "AFHTTPSessionManager+RACSupport.h"; sourceTree = "<group>"; };
		547064611EB822D30069BFE6 /* AFHTTPSessionManager+RACSupport.m */ = {isa = PBXFileReference; fileEncoding = 4; lastKnownFileType = sourcecode.c.objc; path = "AFHTTPSessionManager+RACSupport.m"; sourceTree = "<group>"; };
		547064621EB822D30069BFE6 /* UIView+Util.h */ = {isa = PBXFileReference; fileEncoding = 4; lastKnownFileType = sourcecode.c.h; path = "UIView+Util.h"; sourceTree = "<group>"; };
		547064631EB822D30069BFE6 /* UIView+Util.m */ = {isa = PBXFileReference; fileEncoding = 4; lastKnownFileType = sourcecode.c.objc; path = "UIView+Util.m"; sourceTree = "<group>"; };
		547064671EB822F80069BFE6 /* Color.h */ = {isa = PBXFileReference; fileEncoding = 4; lastKnownFileType = sourcecode.c.h; path = Color.h; sourceTree = "<group>"; };
		547064681EB822F80069BFE6 /* Configs.h */ = {isa = PBXFileReference; fileEncoding = 4; lastKnownFileType = sourcecode.c.h; path = Configs.h; sourceTree = "<group>"; };
		547064691EB822F80069BFE6 /* Font.h */ = {isa = PBXFileReference; fileEncoding = 4; lastKnownFileType = sourcecode.c.h; path = Font.h; sourceTree = "<group>"; };
		54AD4B6A1EB2CFEA00B5245B /* PrefixHeader.pch */ = {isa = PBXFileReference; fileEncoding = 4; lastKnownFileType = sourcecode.c.h; path = PrefixHeader.pch; sourceTree = "<group>"; };
		54E92F581EBB2E150073BABF /* PersonalCenterView.h */ = {isa = PBXFileReference; fileEncoding = 4; lastKnownFileType = sourcecode.c.h; path = PersonalCenterView.h; sourceTree = "<group>"; };
		54E92F591EBB2E150073BABF /* PersonalCenterView.m */ = {isa = PBXFileReference; fileEncoding = 4; lastKnownFileType = sourcecode.c.objc; path = PersonalCenterView.m; sourceTree = "<group>"; };
		54E92F5B1EBD98920073BABF /* RankingView.h */ = {isa = PBXFileReference; fileEncoding = 4; lastKnownFileType = sourcecode.c.h; path = RankingView.h; sourceTree = "<group>"; };
		54E92F5C1EBD98920073BABF /* RankingView.m */ = {isa = PBXFileReference; fileEncoding = 4; lastKnownFileType = sourcecode.c.objc; path = RankingView.m; sourceTree = "<group>"; };
		54E92F5E1EBDA9B00073BABF /* RankingController.h */ = {isa = PBXFileReference; fileEncoding = 4; lastKnownFileType = sourcecode.c.h; path = RankingController.h; sourceTree = "<group>"; };
		54E92F5F1EBDA9B00073BABF /* RankingController.m */ = {isa = PBXFileReference; fileEncoding = 4; lastKnownFileType = sourcecode.c.objc; path = RankingController.m; sourceTree = "<group>"; };
		54E92F641EBE01460073BABF /* UIImageView+Hexagon.h */ = {isa = PBXFileReference; fileEncoding = 4; lastKnownFileType = sourcecode.c.h; path = "UIImageView+Hexagon.h"; sourceTree = "<group>"; };
		54E92F651EBE01460073BABF /* UIImageView+Hexagon.m */ = {isa = PBXFileReference; fileEncoding = 4; lastKnownFileType = sourcecode.c.objc; path = "UIImageView+Hexagon.m"; sourceTree = "<group>"; };
		78BF0E236C7CBBA2E4EF2E90 /* Pods-WenZhouSports.release.xcconfig */ = {isa = PBXFileReference; includeInIndex = 1; lastKnownFileType = text.xcconfig; name = "Pods-WenZhouSports.release.xcconfig"; path = "Pods/Target Support Files/Pods-WenZhouSports/Pods-WenZhouSports.release.xcconfig"; sourceTree = "<group>"; };
		8D2D5A384E5568FC12784D69 /* Pods-WenZhouSports.debug.xcconfig */ = {isa = PBXFileReference; includeInIndex = 1; lastKnownFileType = text.xcconfig; name = "Pods-WenZhouSports.debug.xcconfig"; path = "Pods/Target Support Files/Pods-WenZhouSports/Pods-WenZhouSports.debug.xcconfig"; sourceTree = "<group>"; };
		B8604A2C1EE8243900ACBC8D /* HomeViewModel.h */ = {isa = PBXFileReference; fileEncoding = 4; lastKnownFileType = sourcecode.c.h; path = HomeViewModel.h; sourceTree = "<group>"; };
		B8604A2D1EE8243900ACBC8D /* HomeViewModel.m */ = {isa = PBXFileReference; fileEncoding = 4; lastKnownFileType = sourcecode.c.objc; path = HomeViewModel.m; sourceTree = "<group>"; };
		B8604A2F1EE98B5D00ACBC8D /* APIInterface.h */ = {isa = PBXFileReference; fileEncoding = 4; lastKnownFileType = sourcecode.c.h; path = APIInterface.h; sourceTree = "<group>"; };
		B8604A301EE98B5D00ACBC8D /* APIInterface.m */ = {isa = PBXFileReference; fileEncoding = 4; lastKnownFileType = sourcecode.c.objc; path = APIInterface.m; sourceTree = "<group>"; };
		B8604A321EE9AABB00ACBC8D /* StudentModel.h */ = {isa = PBXFileReference; fileEncoding = 4; lastKnownFileType = sourcecode.c.h; path = StudentModel.h; sourceTree = "<group>"; };
		B8604A331EE9AABB00ACBC8D /* StudentModel.m */ = {isa = PBXFileReference; fileEncoding = 4; lastKnownFileType = sourcecode.c.objc; path = StudentModel.m; sourceTree = "<group>"; };
		B8604A361EEA8BE300ACBC8D /* NSString+JsonToDictionary.h */ = {isa = PBXFileReference; fileEncoding = 4; lastKnownFileType = sourcecode.c.h; path = "NSString+JsonToDictionary.h"; sourceTree = "<group>"; };
		B8604A371EEA8BE300ACBC8D /* NSString+JsonToDictionary.m */ = {isa = PBXFileReference; fileEncoding = 4; lastKnownFileType = sourcecode.c.objc; path = "NSString+JsonToDictionary.m"; sourceTree = "<group>"; };
		B8604A3A1EEAA0EB00ACBC8D /* Dao+Home.h */ = {isa = PBXFileReference; fileEncoding = 4; lastKnownFileType = sourcecode.c.h; path = "Dao+Home.h"; sourceTree = "<group>"; };
		B8604A3B1EEAA0EB00ACBC8D /* Dao+Home.m */ = {isa = PBXFileReference; fileEncoding = 4; lastKnownFileType = sourcecode.c.objc; path = "Dao+Home.m"; sourceTree = "<group>"; };
		B885CBB61EDFB6550074FBEF /* SportsHistoryController.h */ = {isa = PBXFileReference; fileEncoding = 4; lastKnownFileType = sourcecode.c.h; path = SportsHistoryController.h; sourceTree = "<group>"; };
		B885CBB71EDFB6550074FBEF /* SportsHistoryController.m */ = {isa = PBXFileReference; fileEncoding = 4; lastKnownFileType = sourcecode.c.objc; path = SportsHistoryController.m; sourceTree = "<group>"; };
		B885CBB91EDFB8A00074FBEF /* BaseCell.h */ = {isa = PBXFileReference; fileEncoding = 4; lastKnownFileType = sourcecode.c.h; path = BaseCell.h; sourceTree = "<group>"; };
		B885CBBA1EDFB8A00074FBEF /* BaseCell.m */ = {isa = PBXFileReference; fileEncoding = 4; lastKnownFileType = sourcecode.c.objc; path = BaseCell.m; sourceTree = "<group>"; };
		B885CBBD1EE008F40074FBEF /* SportsHistoryHeaderCell.h */ = {isa = PBXFileReference; fileEncoding = 4; lastKnownFileType = sourcecode.c.h; path = SportsHistoryHeaderCell.h; sourceTree = "<group>"; };
		B885CBBE1EE008F40074FBEF /* SportsHistoryHeaderCell.m */ = {isa = PBXFileReference; fileEncoding = 4; lastKnownFileType = sourcecode.c.objc; path = SportsHistoryHeaderCell.m; sourceTree = "<group>"; };
		B885CBC01EE01CB30074FBEF /* SportsHistoryItemCell.h */ = {isa = PBXFileReference; fileEncoding = 4; lastKnownFileType = sourcecode.c.h; path = SportsHistoryItemCell.h; sourceTree = "<group>"; };
		B885CBC11EE01CB30074FBEF /* SportsHistoryItemCell.m */ = {isa = PBXFileReference; fileEncoding = 4; lastKnownFileType = sourcecode.c.objc; path = SportsHistoryItemCell.m; sourceTree = "<group>"; };
		B885CBC41EE036DA0074FBEF /* HomeItemCell.h */ = {isa = PBXFileReference; fileEncoding = 4; lastKnownFileType = sourcecode.c.h; path = HomeItemCell.h; sourceTree = "<group>"; };
		B885CBC51EE036DA0074FBEF /* HomeItemCell.m */ = {isa = PBXFileReference; fileEncoding = 4; lastKnownFileType = sourcecode.c.objc; path = HomeItemCell.m; sourceTree = "<group>"; };
		B8A05F681EE1A4B6003AEC95 /* ForgetPasswordController.h */ = {isa = PBXFileReference; fileEncoding = 4; lastKnownFileType = sourcecode.c.h; path = ForgetPasswordController.h; sourceTree = "<group>"; };
		B8A05F691EE1A4B6003AEC95 /* ForgetPasswordController.m */ = {isa = PBXFileReference; fileEncoding = 4; lastKnownFileType = sourcecode.c.objc; path = ForgetPasswordController.m; sourceTree = "<group>"; };
		B8A05F6B1EE1A50A003AEC95 /* ForgetPasswordView.h */ = {isa = PBXFileReference; fileEncoding = 4; lastKnownFileType = sourcecode.c.h; path = ForgetPasswordView.h; sourceTree = "<group>"; };
		B8A05F6C1EE1A50A003AEC95 /* ForgetPasswordView.m */ = {isa = PBXFileReference; fileEncoding = 4; lastKnownFileType = sourcecode.c.objc; path = ForgetPasswordView.m; sourceTree = "<group>"; };
		B8A05F6E1EE1A879003AEC95 /* VerificationCodeController.h */ = {isa = PBXFileReference; fileEncoding = 4; lastKnownFileType = sourcecode.c.h; path = VerificationCodeController.h; sourceTree = "<group>"; };
		B8A05F6F1EE1A879003AEC95 /* VerificationCodeController.m */ = {isa = PBXFileReference; fileEncoding = 4; lastKnownFileType = sourcecode.c.objc; path = VerificationCodeController.m; sourceTree = "<group>"; };
		B8A05F711EE1A90D003AEC95 /* VerificationCodeView.h */ = {isa = PBXFileReference; fileEncoding = 4; lastKnownFileType = sourcecode.c.h; path = VerificationCodeView.h; sourceTree = "<group>"; };
		B8A05F721EE1A90D003AEC95 /* VerificationCodeView.m */ = {isa = PBXFileReference; fileEncoding = 4; lastKnownFileType = sourcecode.c.objc; path = VerificationCodeView.m; sourceTree = "<group>"; };
		B8A05F741EE1C5B6003AEC95 /* PersonInfoController.h */ = {isa = PBXFileReference; fileEncoding = 4; lastKnownFileType = sourcecode.c.h; path = PersonInfoController.h; sourceTree = "<group>"; };
		B8A05F751EE1C5B6003AEC95 /* PersonInfoController.m */ = {isa = PBXFileReference; fileEncoding = 4; lastKnownFileType = sourcecode.c.objc; path = PersonInfoController.m; sourceTree = "<group>"; };
		B8A05F781EE1C6AD003AEC95 /* PersonInfoCell.h */ = {isa = PBXFileReference; fileEncoding = 4; lastKnownFileType = sourcecode.c.h; path = PersonInfoCell.h; sourceTree = "<group>"; };
		B8A05F791EE1C6AD003AEC95 /* PersonInfoCell.m */ = {isa = PBXFileReference; fileEncoding = 4; lastKnownFileType = sourcecode.c.objc; path = PersonInfoCell.m; sourceTree = "<group>"; };
		B8A05F7B1EE1C9D5003AEC95 /* SportsPerformanceController.h */ = {isa = PBXFileReference; fileEncoding = 4; lastKnownFileType = sourcecode.c.h; path = SportsPerformanceController.h; sourceTree = "<group>"; };
		B8A05F7C1EE1C9D5003AEC95 /* SportsPerformanceController.m */ = {isa = PBXFileReference; fileEncoding = 4; lastKnownFileType = sourcecode.c.objc; path = SportsPerformanceController.m; sourceTree = "<group>"; };
		B8A05F7F1EE1CA2B003AEC95 /* SportsPerformanceCell.h */ = {isa = PBXFileReference; fileEncoding = 4; lastKnownFileType = sourcecode.c.h; path = SportsPerformanceCell.h; sourceTree = "<group>"; };
		B8A05F801EE1CA2B003AEC95 /* SportsPerformanceCell.m */ = {isa = PBXFileReference; fileEncoding = 4; lastKnownFileType = sourcecode.c.objc; path = SportsPerformanceCell.m; sourceTree = "<group>"; };
		B8A05F821EE1CC38003AEC95 /* ApproveController.h */ = {isa = PBXFileReference; fileEncoding = 4; lastKnownFileType = sourcecode.c.h; path = ApproveController.h; sourceTree = "<group>"; };
		B8A05F831EE1CC38003AEC95 /* ApproveController.m */ = {isa = PBXFileReference; fileEncoding = 4; lastKnownFileType = sourcecode.c.objc; path = ApproveController.m; sourceTree = "<group>"; };
		B8A05F861EE1CD0A003AEC95 /* ApproveItemCell.h */ = {isa = PBXFileReference; fileEncoding = 4; lastKnownFileType = sourcecode.c.h; path = ApproveItemCell.h; sourceTree = "<group>"; };
		B8A05F871EE1CD0A003AEC95 /* ApproveItemCell.m */ = {isa = PBXFileReference; fileEncoding = 4; lastKnownFileType = sourcecode.c.objc; path = ApproveItemCell.m; sourceTree = "<group>"; };
		B8A05F891EE25AE0003AEC95 /* SettingController.h */ = {isa = PBXFileReference; fileEncoding = 4; lastKnownFileType = sourcecode.c.h; path = SettingController.h; sourceTree = "<group>"; };
		B8A05F8A1EE25AE0003AEC95 /* SettingController.m */ = {isa = PBXFileReference; fileEncoding = 4; lastKnownFileType = sourcecode.c.objc; path = SettingController.m; sourceTree = "<group>"; };
		B8A05F8C1EE2F38E003AEC95 /* UIViewController+BackButtonHandler.h */ = {isa = PBXFileReference; fileEncoding = 4; lastKnownFileType = sourcecode.c.h; path = "UIViewController+BackButtonHandler.h"; sourceTree = "<group>"; };
		B8A05F8D1EE2F38F003AEC95 /* UIViewController+BackButtonHandler.m */ = {isa = PBXFileReference; fileEncoding = 4; lastKnownFileType = sourcecode.c.objc; path = "UIViewController+BackButtonHandler.m"; sourceTree = "<group>"; };
		B8B522841EE106210038A83C /* HomeTotalCell.h */ = {isa = PBXFileReference; fileEncoding = 4; lastKnownFileType = sourcecode.c.h; path = HomeTotalCell.h; sourceTree = "<group>"; };
		B8B522851EE106210038A83C /* HomeTotalCell.m */ = {isa = PBXFileReference; fileEncoding = 4; lastKnownFileType = sourcecode.c.objc; path = HomeTotalCell.m; sourceTree = "<group>"; };
		B8DF48AF1EE14B480088377D /* HomeRankCell.h */ = {isa = PBXFileReference; fileEncoding = 4; lastKnownFileType = sourcecode.c.h; path = HomeRankCell.h; sourceTree = "<group>"; };
		B8DF48B01EE14B480088377D /* HomeRankCell.m */ = {isa = PBXFileReference; fileEncoding = 4; lastKnownFileType = sourcecode.c.objc; path = HomeRankCell.m; sourceTree = "<group>"; };
		B8DF48B21EE14D7A0088377D /* HomeSportsTypeCell.h */ = {isa = PBXFileReference; fileEncoding = 4; lastKnownFileType = sourcecode.c.h; path = HomeSportsTypeCell.h; sourceTree = "<group>"; };
		B8DF48B31EE14D7A0088377D /* HomeSportsTypeCell.m */ = {isa = PBXFileReference; fileEncoding = 4; lastKnownFileType = sourcecode.c.objc; path = HomeSportsTypeCell.m; sourceTree = "<group>"; };
		B8DF48B71EE155C30088377D /* LoginTextView.h */ = {isa = PBXFileReference; fileEncoding = 4; lastKnownFileType = sourcecode.c.h; path = LoginTextView.h; sourceTree = "<group>"; };
		B8DF48B81EE155C30088377D /* LoginTextView.m */ = {isa = PBXFileReference; fileEncoding = 4; lastKnownFileType = sourcecode.c.objc; path = LoginTextView.m; sourceTree = "<group>"; };
		B8DF48BD1EE15F930088377D /* LoginView.h */ = {isa = PBXFileReference; fileEncoding = 4; lastKnownFileType = sourcecode.c.h; path = LoginView.h; sourceTree = "<group>"; };
		B8DF48BE1EE15F930088377D /* LoginView.m */ = {isa = PBXFileReference; fileEncoding = 4; lastKnownFileType = sourcecode.c.objc; path = LoginView.m; sourceTree = "<group>"; };
		B8DF48C01EE161890088377D /* LoginController.h */ = {isa = PBXFileReference; fileEncoding = 4; lastKnownFileType = sourcecode.c.h; path = LoginController.h; sourceTree = "<group>"; };
		B8DF48C11EE161890088377D /* LoginController.m */ = {isa = PBXFileReference; fileEncoding = 4; lastKnownFileType = sourcecode.c.objc; path = LoginController.m; sourceTree = "<group>"; };
		B8DF48C31EE16AA90088377D /* UINavigationItem+Addition.h */ = {isa = PBXFileReference; fileEncoding = 4; lastKnownFileType = sourcecode.c.h; path = "UINavigationItem+Addition.h"; sourceTree = "<group>"; };
		B8DF48C41EE16AA90088377D /* UINavigationItem+Addition.m */ = {isa = PBXFileReference; fileEncoding = 4; lastKnownFileType = sourcecode.c.objc; path = "UINavigationItem+Addition.m"; sourceTree = "<group>"; };
		B8DF48C61EE16E270088377D /* UINavigationBar+Awesome.h */ = {isa = PBXFileReference; fileEncoding = 4; lastKnownFileType = sourcecode.c.h; path = "UINavigationBar+Awesome.h"; sourceTree = "<group>"; };
		B8DF48C71EE16E270088377D /* UINavigationBar+Awesome.m */ = {isa = PBXFileReference; fileEncoding = 4; lastKnownFileType = sourcecode.c.objc; path = "UINavigationBar+Awesome.m"; sourceTree = "<group>"; };
/* End PBXFileReference section */

/* Begin PBXFrameworksBuildPhase section */
		542DCC341EB1F26A00EDAD91 /* Frameworks */ = {
			isa = PBXFrameworksBuildPhase;
			buildActionMask = 2147483647;
			files = (
				0C27DC8EDD7B979D15DF83AA /* Pods_WenZhouSports.framework in Frameworks */,
			);
			runOnlyForDeploymentPostprocessing = 0;
		};
		542DCC4D1EB1F26A00EDAD91 /* Frameworks */ = {
			isa = PBXFrameworksBuildPhase;
			buildActionMask = 2147483647;
			files = (
			);
			runOnlyForDeploymentPostprocessing = 0;
		};
/* End PBXFrameworksBuildPhase section */

/* Begin PBXGroup section */
		429EA4BBD1BBACC59E9BE0C8 /* Frameworks */ = {
			isa = PBXGroup;
			children = (
				362BC04C77BC60C0E6C52970 /* Pods_WenZhouSports.framework */,
			);
			name = Frameworks;
			sourceTree = "<group>";
		};
		542DCC2E1EB1F26A00EDAD91 = {
			isa = PBXGroup;
			children = (
				542DCC391EB1F26A00EDAD91 /* WenZhouSports */,
				542DCC531EB1F26A00EDAD91 /* WenZhouSportsUITests */,
				542DCC381EB1F26A00EDAD91 /* Products */,
				C97793EE59150B50B0D7C334 /* Pods */,
				429EA4BBD1BBACC59E9BE0C8 /* Frameworks */,
			);
			sourceTree = "<group>";
		};
		542DCC381EB1F26A00EDAD91 /* Products */ = {
			isa = PBXGroup;
			children = (
				542DCC371EB1F26A00EDAD91 /* WenZhouSports.app */,
				542DCC501EB1F26A00EDAD91 /* WenZhouSportsUITests.xctest */,
			);
			name = Products;
			sourceTree = "<group>";
		};
		542DCC391EB1F26A00EDAD91 /* WenZhouSports */ = {
			isa = PBXGroup;
			children = (
				547064661EB822F80069BFE6 /* Utils */,
				5470645F1EB822D30069BFE6 /* Categoris */,
				5470645E1EB822990069BFE6 /* Base */,
				5470646A1EB8233C0069BFE6 /* Controller */,
				5470646C1EB8233C0069BFE6 /* View */,
				5470646D1EB8233C0069BFE6 /* ViewModel */,
				B8604A351EEA31E400ACBC8D /* DAO */,
				B84103881ED9D3F3006DC7CB /* Model */,
				542DCC3D1EB1F26A00EDAD91 /* AppDelegate.h */,
				542DCC3E1EB1F26A00EDAD91 /* AppDelegate.m */,
				54AD4B6A1EB2CFEA00B5245B /* PrefixHeader.pch */,
				542DCC461EB1F26A00EDAD91 /* Assets.xcassets */,
				542DCC481EB1F26A00EDAD91 /* LaunchScreen.storyboard */,
				542DCC4B1EB1F26A00EDAD91 /* Info.plist */,
				542DCC3A1EB1F26A00EDAD91 /* Supporting Files */,
			);
			path = WenZhouSports;
			sourceTree = "<group>";
		};
		542DCC3A1EB1F26A00EDAD91 /* Supporting Files */ = {
			isa = PBXGroup;
			children = (
				542DCC3B1EB1F26A00EDAD91 /* main.m */,
			);
			name = "Supporting Files";
			sourceTree = "<group>";
		};
		542DCC531EB1F26A00EDAD91 /* WenZhouSportsUITests */ = {
			isa = PBXGroup;
			children = (
				542DCC541EB1F26A00EDAD91 /* WenZhouSportsUITests.m */,
				542DCC561EB1F26A00EDAD91 /* Info.plist */,
			);
			path = WenZhouSportsUITests;
			sourceTree = "<group>";
		};
		5470645E1EB822990069BFE6 /* Base */ = {
			isa = PBXGroup;
			children = (
				542D6DE11EC7028700E26F62 /* MAMutablePolylineRenderer.h */,
				542D6DE21EC7028700E26F62 /* MAMutablePolylineRenderer.m */,
				542D6DDE1EC7021000E26F62 /* MAMutablePolyline.h */,
				542D6DDF1EC7021000E26F62 /* MAMutablePolyline.m */,
				5401BB8F1EB9CE9A00003C51 /* LineTextField.h */,
				5401BB901EB9CE9A00003C51 /* LineTextField.m */,
				5401BB721EB823F000003C51 /* Dao.h */,
				5401BB731EB823F000003C51 /* Dao.m */,
				B885CBB91EDFB8A00074FBEF /* BaseCell.h */,
				B885CBBA1EDFB8A00074FBEF /* BaseCell.m */,
				5401BB8C1EB9B88300003C51 /* BaseViewController.h */,
				5401BB8D1EB9B88300003C51 /* BaseViewController.m */,
				542D6DC91EC045A900E26F62 /* CellWithCuttingLine.h */,
				542D6DCA1EC045A900E26F62 /* CellWithCuttingLine.m */,
			);
			path = Base;
			sourceTree = "<group>";
		};
		5470645F1EB822D30069BFE6 /* Categoris */ = {
			isa = PBXGroup;
			children = (
				B8DF48C31EE16AA90088377D /* UINavigationItem+Addition.h */,
				B8DF48C41EE16AA90088377D /* UINavigationItem+Addition.m */,
				B8DF48C61EE16E270088377D /* UINavigationBar+Awesome.h */,
				B8DF48C71EE16E270088377D /* UINavigationBar+Awesome.m */,
				B8A05F8C1EE2F38E003AEC95 /* UIViewController+BackButtonHandler.h */,
				B8A05F8D1EE2F38F003AEC95 /* UIViewController+BackButtonHandler.m */,
				547064601EB822D30069BFE6 /* AFHTTPSessionManager+RACSupport.h */,
				547064611EB822D30069BFE6 /* AFHTTPSessionManager+RACSupport.m */,
				B8604A361EEA8BE300ACBC8D /* NSString+JsonToDictionary.h */,
				B8604A371EEA8BE300ACBC8D /* NSString+JsonToDictionary.m */,
				547064621EB822D30069BFE6 /* UIView+Util.h */,
				547064631EB822D30069BFE6 /* UIView+Util.m */,
				54E92F641EBE01460073BABF /* UIImageView+Hexagon.h */,
				54E92F651EBE01460073BABF /* UIImageView+Hexagon.m */,
				542D6DD21EC2EEFC00E26F62 /* UIButton+EdgesInsertStyle.h */,
				542D6DD31EC2EEFC00E26F62 /* UIButton+EdgesInsertStyle.m */,
				542D6DDB1EC315FA00E26F62 /* NSNumber+SetScale.h */,
				542D6DDC1EC315FA00E26F62 /* NSNumber+SetScale.m */,
				542D6DED1EC9AA2500E26F62 /* BaseDao+Category.h */,
				542D6DEE1EC9AA2500E26F62 /* BaseDao+Category.m */,
			);
			path = Categoris;
			sourceTree = "<group>";
		};
		547064661EB822F80069BFE6 /* Utils */ = {
			isa = PBXGroup;
			children = (
				547064671EB822F80069BFE6 /* Color.h */,
				547064681EB822F80069BFE6 /* Configs.h */,
				B8604A2F1EE98B5D00ACBC8D /* APIInterface.h */,
				B8604A301EE98B5D00ACBC8D /* APIInterface.m */,
				547064691EB822F80069BFE6 /* Font.h */,
			);
			path = Utils;
			sourceTree = "<group>";
		};
		5470646A1EB8233C0069BFE6 /* Controller */ = {
			isa = PBXGroup;
			children = (
				B8DF48B51EE1524F0088377D /* Login */,
				B885CBB51EDFB3DA0074FBEF /* Mine */,
				5401BB821EB972FD00003C51 /* HomeController.h */,
				5401BB831EB972FD00003C51 /* HomeController.m */,
				5401BB891EB9B2AB00003C51 /* LaunchController.h */,
				5401BB8A1EB9B2AB00003C51 /* LaunchController.m */,
				54E92F5E1EBDA9B00073BABF /* RankingController.h */,
				54E92F5F1EBDA9B00073BABF /* RankingController.m */,
				542D6DCF1EC2AB7500E26F62 /* SportsDetailsController.h */,
				542D6DD01EC2AB7500E26F62 /* SportsDetailsController.m */,
			);
			path = Controller;
			sourceTree = "<group>";
		};
		5470646C1EB8233C0069BFE6 /* View */ = {
			isa = PBXGroup;
			children = (
				B8A05F851EE1CCEE003AEC95 /* Approve */,
				B8A05F7E1EE1CA1D003AEC95 /* SportsPerformance */,
				B8A05F771EE1C69D003AEC95 /* PersonInfo */,
				B8DF48B61EE155720088377D /* Login */,
				B885CBC31EE036C30074FBEF /* Home */,
				B885CBBC1EE008C00074FBEF /* SportsHistory */,
				54E92F581EBB2E150073BABF /* PersonalCenterView.h */,
				54E92F591EBB2E150073BABF /* PersonalCenterView.m */,
				5401BB851EB98C8D00003C51 /* LaunchView.h */,
				5401BB861EB98C8D00003C51 /* LaunchView.m */,
				54E92F5B1EBD98920073BABF /* RankingView.h */,
				54E92F5C1EBD98920073BABF /* RankingView.m */,
				542D6DCC1EC060DA00E26F62 /* SportsDetailView.h */,
				542D6DCD1EC060DA00E26F62 /* SportsDetailView.m */,
			);
			path = View;
			sourceTree = "<group>";
		};
		5470646D1EB8233C0069BFE6 /* ViewModel */ = {
			isa = PBXGroup;
			children = (
				542D6DE41EC9A60D00E26F62 /* SportsDetailViewModel.h */,
				542D6DE51EC9A60D00E26F62 /* SportsDetailViewModel.m */,
				B8604A2C1EE8243900ACBC8D /* HomeViewModel.h */,
				B8604A2D1EE8243900ACBC8D /* HomeViewModel.m */,
			);
			path = ViewModel;
			sourceTree = "<group>";
		};
		B84103881ED9D3F3006DC7CB /* Model */ = {
			isa = PBXGroup;
			children = (
				B84103891ED9D423006DC7CB /* Location */,
				B8604A321EE9AABB00ACBC8D /* StudentModel.h */,
				B8604A331EE9AABB00ACBC8D /* StudentModel.m */,
			);
			name = Model;
			path = Mo;
			sourceTree = "<group>";
		};
		B84103891ED9D423006DC7CB /* Location */ = {
			isa = PBXGroup;
			children = (
			);
			path = Location;
			sourceTree = "<group>";
		};
		B8604A351EEA31E400ACBC8D /* DAO */ = {
			isa = PBXGroup;
			children = (
				B8604A391EEA9D0100ACBC8D /* Home */,
			);
			path = DAO;
			sourceTree = "<group>";
		};
		B8604A391EEA9D0100ACBC8D /* Home */ = {
			isa = PBXGroup;
			children = (
				B8604A3A1EEAA0EB00ACBC8D /* Dao+Home.h */,
				B8604A3B1EEAA0EB00ACBC8D /* Dao+Home.m */,
			);
			path = Home;
			sourceTree = "<group>";
		};
		B885CBB51EDFB3DA0074FBEF /* Mine */ = {
			isa = PBXGroup;
			children = (
				B885CBB61EDFB6550074FBEF /* SportsHistoryController.h */,
				B885CBB71EDFB6550074FBEF /* SportsHistoryController.m */,
				B8A05F741EE1C5B6003AEC95 /* PersonInfoController.h */,
				B8A05F751EE1C5B6003AEC95 /* PersonInfoController.m */,
				B8A05F7B1EE1C9D5003AEC95 /* SportsPerformanceController.h */,
				B8A05F7C1EE1C9D5003AEC95 /* SportsPerformanceController.m */,
				B8A05F821EE1CC38003AEC95 /* ApproveController.h */,
				B8A05F831EE1CC38003AEC95 /* ApproveController.m */,
				B8A05F891EE25AE0003AEC95 /* SettingController.h */,
				B8A05F8A1EE25AE0003AEC95 /* SettingController.m */,
			);
			path = Mine;
			sourceTree = "<group>";
		};
		B885CBBC1EE008C00074FBEF /* SportsHistory */ = {
			isa = PBXGroup;
			children = (
				B885CBBD1EE008F40074FBEF /* SportsHistoryHeaderCell.h */,
				B885CBBE1EE008F40074FBEF /* SportsHistoryHeaderCell.m */,
				B885CBC01EE01CB30074FBEF /* SportsHistoryItemCell.h */,
				B885CBC11EE01CB30074FBEF /* SportsHistoryItemCell.m */,
			);
			path = SportsHistory;
			sourceTree = "<group>";
		};
		B885CBC31EE036C30074FBEF /* Home */ = {
			isa = PBXGroup;
			children = (
				B885CBC41EE036DA0074FBEF /* HomeItemCell.h */,
				B885CBC51EE036DA0074FBEF /* HomeItemCell.m */,
				B8B522841EE106210038A83C /* HomeTotalCell.h */,
				B8B522851EE106210038A83C /* HomeTotalCell.m */,
				B8DF48AF1EE14B480088377D /* HomeRankCell.h */,
				B8DF48B01EE14B480088377D /* HomeRankCell.m */,
				B8DF48B21EE14D7A0088377D /* HomeSportsTypeCell.h */,
				B8DF48B31EE14D7A0088377D /* HomeSportsTypeCell.m */,
			);
			path = Home;
			sourceTree = "<group>";
		};
		B8A05F771EE1C69D003AEC95 /* PersonInfo */ = {
			isa = PBXGroup;
			children = (
				B8A05F781EE1C6AD003AEC95 /* PersonInfoCell.h */,
				B8A05F791EE1C6AD003AEC95 /* PersonInfoCell.m */,
			);
			path = PersonInfo;
			sourceTree = "<group>";
		};
		B8A05F7E1EE1CA1D003AEC95 /* SportsPerformance */ = {
			isa = PBXGroup;
			children = (
				B8A05F7F1EE1CA2B003AEC95 /* SportsPerformanceCell.h */,
				B8A05F801EE1CA2B003AEC95 /* SportsPerformanceCell.m */,
			);
			path = SportsPerformance;
			sourceTree = "<group>";
		};
		B8A05F851EE1CCEE003AEC95 /* Approve */ = {
			isa = PBXGroup;
			children = (
				B8A05F861EE1CD0A003AEC95 /* ApproveItemCell.h */,
				B8A05F871EE1CD0A003AEC95 /* ApproveItemCell.m */,
			);
			path = Approve;
			sourceTree = "<group>";
		};
		B8DF48B51EE1524F0088377D /* Login */ = {
			isa = PBXGroup;
			children = (
				B8DF48C01EE161890088377D /* LoginController.h */,
				B8DF48C11EE161890088377D /* LoginController.m */,
				B8A05F681EE1A4B6003AEC95 /* ForgetPasswordController.h */,
				B8A05F691EE1A4B6003AEC95 /* ForgetPasswordController.m */,
				B8A05F6E1EE1A879003AEC95 /* VerificationCodeController.h */,
				B8A05F6F1EE1A879003AEC95 /* VerificationCodeController.m */,
			);
			path = Login;
			sourceTree = "<group>";
		};
		B8DF48B61EE155720088377D /* Login */ = {
			isa = PBXGroup;
			children = (
				B8DF48B71EE155C30088377D /* LoginTextView.h */,
				B8DF48B81EE155C30088377D /* LoginTextView.m */,
				B8DF48BD1EE15F930088377D /* LoginView.h */,
				B8DF48BE1EE15F930088377D /* LoginView.m */,
				B8A05F6B1EE1A50A003AEC95 /* ForgetPasswordView.h */,
				B8A05F6C1EE1A50A003AEC95 /* ForgetPasswordView.m */,
				B8A05F711EE1A90D003AEC95 /* VerificationCodeView.h */,
				B8A05F721EE1A90D003AEC95 /* VerificationCodeView.m */,
			);
			path = Login;
			sourceTree = "<group>";
		};
		C97793EE59150B50B0D7C334 /* Pods */ = {
			isa = PBXGroup;
			children = (
				8D2D5A384E5568FC12784D69 /* Pods-WenZhouSports.debug.xcconfig */,
				78BF0E236C7CBBA2E4EF2E90 /* Pods-WenZhouSports.release.xcconfig */,
			);
			name = Pods;
			sourceTree = "<group>";
		};
/* End PBXGroup section */

/* Begin PBXNativeTarget section */
		542DCC361EB1F26A00EDAD91 /* WenZhouSports */ = {
			isa = PBXNativeTarget;
			buildConfigurationList = 542DCC591EB1F26A00EDAD91 /* Build configuration list for PBXNativeTarget "WenZhouSports" */;
			buildPhases = (
				3819D7B201E101E58594A1C2 /* 📦 Check Pods Manifest.lock */,
				542DCC331EB1F26A00EDAD91 /* Sources */,
				542DCC341EB1F26A00EDAD91 /* Frameworks */,
				542DCC351EB1F26A00EDAD91 /* Resources */,
				D6A0A6FB817793A759C71E5C /* 📦 Embed Pods Frameworks */,
				DB35C7D5038031146CDF3285 /* 📦 Copy Pods Resources */,
			);
			buildRules = (
			);
			dependencies = (
			);
			name = WenZhouSports;
			productName = WenZhouSports;
			productReference = 542DCC371EB1F26A00EDAD91 /* WenZhouSports.app */;
			productType = "com.apple.product-type.application";
		};
		542DCC4F1EB1F26A00EDAD91 /* WenZhouSportsUITests */ = {
			isa = PBXNativeTarget;
			buildConfigurationList = 542DCC5C1EB1F26A00EDAD91 /* Build configuration list for PBXNativeTarget "WenZhouSportsUITests" */;
			buildPhases = (
				542DCC4C1EB1F26A00EDAD91 /* Sources */,
				542DCC4D1EB1F26A00EDAD91 /* Frameworks */,
				542DCC4E1EB1F26A00EDAD91 /* Resources */,
			);
			buildRules = (
			);
			dependencies = (
				542DCC521EB1F26A00EDAD91 /* PBXTargetDependency */,
			);
			name = WenZhouSportsUITests;
			productName = WenZhouSportsUITests;
			productReference = 542DCC501EB1F26A00EDAD91 /* WenZhouSportsUITests.xctest */;
			productType = "com.apple.product-type.bundle.ui-testing";
		};
/* End PBXNativeTarget section */

/* Begin PBXProject section */
		542DCC2F1EB1F26A00EDAD91 /* Project object */ = {
			isa = PBXProject;
			attributes = {
				LastUpgradeCheck = 0830;
				ORGANIZATIONNAME = "何聪";
				TargetAttributes = {
					542DCC361EB1F26A00EDAD91 = {
						CreatedOnToolsVersion = 8.3.2;
						DevelopmentTeam = 4YEG8PXLF9;
						ProvisioningStyle = Automatic;
						SystemCapabilities = {
							com.apple.BackgroundModes = {
								enabled = 1;
							};
						};
					};
					542DCC4F1EB1F26A00EDAD91 = {
						CreatedOnToolsVersion = 8.3.2;
						DevelopmentTeam = YD55739445;
						ProvisioningStyle = Automatic;
						TestTargetID = 542DCC361EB1F26A00EDAD91;
					};
				};
			};
			buildConfigurationList = 542DCC321EB1F26A00EDAD91 /* Build configuration list for PBXProject "WenZhouSports" */;
			compatibilityVersion = "Xcode 3.2";
			developmentRegion = English;
			hasScannedForEncodings = 0;
			knownRegions = (
				en,
				Base,
			);
			mainGroup = 542DCC2E1EB1F26A00EDAD91;
			productRefGroup = 542DCC381EB1F26A00EDAD91 /* Products */;
			projectDirPath = "";
			projectRoot = "";
			targets = (
				542DCC361EB1F26A00EDAD91 /* WenZhouSports */,
				542DCC4F1EB1F26A00EDAD91 /* WenZhouSportsUITests */,
			);
		};
/* End PBXProject section */

/* Begin PBXResourcesBuildPhase section */
		542DCC351EB1F26A00EDAD91 /* Resources */ = {
			isa = PBXResourcesBuildPhase;
			buildActionMask = 2147483647;
			files = (
				5401BB881EB9AF1D00003C51 /* Assets.xcassets in Resources */,
				542DCC4A1EB1F26A00EDAD91 /* LaunchScreen.storyboard in Resources */,
			);
			runOnlyForDeploymentPostprocessing = 0;
		};
		542DCC4E1EB1F26A00EDAD91 /* Resources */ = {
			isa = PBXResourcesBuildPhase;
			buildActionMask = 2147483647;
			files = (
			);
			runOnlyForDeploymentPostprocessing = 0;
		};
/* End PBXResourcesBuildPhase section */

/* Begin PBXShellScriptBuildPhase section */
		3819D7B201E101E58594A1C2 /* 📦 Check Pods Manifest.lock */ = {
			isa = PBXShellScriptBuildPhase;
			buildActionMask = 2147483647;
			files = (
			);
			inputPaths = (
			);
			name = "📦 Check Pods Manifest.lock";
			outputPaths = (
			);
			runOnlyForDeploymentPostprocessing = 0;
			shellPath = /bin/sh;
			shellScript = "diff \"${PODS_ROOT}/../Podfile.lock\" \"${PODS_ROOT}/Manifest.lock\" > /dev/null\nif [[ $? != 0 ]] ; then\n    cat << EOM\nerror: The sandbox is not in sync with the Podfile.lock. Run 'pod install' or update your CocoaPods installation.\nEOM\n    exit 1\nfi\n";
			showEnvVarsInLog = 0;
		};
		D6A0A6FB817793A759C71E5C /* 📦 Embed Pods Frameworks */ = {
			isa = PBXShellScriptBuildPhase;
			buildActionMask = 2147483647;
			files = (
			);
			inputPaths = (
			);
			name = "📦 Embed Pods Frameworks";
			outputPaths = (
			);
			runOnlyForDeploymentPostprocessing = 0;
			shellPath = /bin/sh;
			shellScript = "\"${SRCROOT}/Pods/Target Support Files/Pods-WenZhouSports/Pods-WenZhouSports-frameworks.sh\"\n";
			showEnvVarsInLog = 0;
		};
		DB35C7D5038031146CDF3285 /* 📦 Copy Pods Resources */ = {
			isa = PBXShellScriptBuildPhase;
			buildActionMask = 2147483647;
			files = (
			);
			inputPaths = (
			);
			name = "📦 Copy Pods Resources";
			outputPaths = (
			);
			runOnlyForDeploymentPostprocessing = 0;
			shellPath = /bin/sh;
			shellScript = "\"${SRCROOT}/Pods/Target Support Files/Pods-WenZhouSports/Pods-WenZhouSports-resources.sh\"\n";
			showEnvVarsInLog = 0;
		};
/* End PBXShellScriptBuildPhase section */

/* Begin PBXSourcesBuildPhase section */
		542DCC331EB1F26A00EDAD91 /* Sources */ = {
			isa = PBXSourcesBuildPhase;
			buildActionMask = 2147483647;
			files = (
				B8DF48BF1EE15F930088377D /* LoginView.m in Sources */,
				B8A05F841EE1CC38003AEC95 /* ApproveController.m in Sources */,
				B8DF48B91EE155C30088377D /* LoginTextView.m in Sources */,
				B8A05F811EE1CA2B003AEC95 /* SportsPerformanceCell.m in Sources */,
				B8604A311EE98B5D00ACBC8D /* APIInterface.m in Sources */,
				B8DF48B41EE14D7A0088377D /* HomeSportsTypeCell.m in Sources */,
				B885CBBB1EDFB8A00074FBEF /* BaseCell.m in Sources */,
				542D6DCE1EC060DA00E26F62 /* SportsDetailView.m in Sources */,
				542D6DE31EC7028700E26F62 /* MAMutablePolylineRenderer.m in Sources */,
				542D6DCB1EC045A900E26F62 /* CellWithCuttingLine.m in Sources */,
				B8A05F8B1EE25AE0003AEC95 /* SettingController.m in Sources */,
				5401BB8E1EB9B88300003C51 /* BaseViewController.m in Sources */,
				B8A05F701EE1A879003AEC95 /* VerificationCodeController.m in Sources */,
				B8DF48C51EE16AA90088377D /* UINavigationItem+Addition.m in Sources */,
				B8A05F731EE1A90D003AEC95 /* VerificationCodeView.m in Sources */,
				B8A05F6A1EE1A4B6003AEC95 /* ForgetPasswordController.m in Sources */,
				B8604A341EE9AABB00ACBC8D /* StudentModel.m in Sources */,
				B885CBB81EDFB6550074FBEF /* SportsHistoryController.m in Sources */,
				542D6DD41EC2EEFC00E26F62 /* UIButton+EdgesInsertStyle.m in Sources */,
				B885CBC61EE036DA0074FBEF /* HomeItemCell.m in Sources */,
				542D6DD11EC2AB7500E26F62 /* SportsDetailsController.m in Sources */,
				B8DF48C81EE16E270088377D /* UINavigationBar+Awesome.m in Sources */,
				542D6DDD1EC315FA00E26F62 /* NSNumber+SetScale.m in Sources */,
				5401BB871EB98C8D00003C51 /* LaunchView.m in Sources */,
				5401BB741EB823F000003C51 /* Dao.m in Sources */,
				547064651EB822D30069BFE6 /* UIView+Util.m in Sources */,
				B8A05F7A1EE1C6AD003AEC95 /* PersonInfoCell.m in Sources */,
				B8DF48C21EE161890088377D /* LoginController.m in Sources */,
				54E92F5D1EBD98920073BABF /* RankingView.m in Sources */,
				54E92F661EBE01460073BABF /* UIImageView+Hexagon.m in Sources */,
				B885CBBF1EE008F40074FBEF /* SportsHistoryHeaderCell.m in Sources */,
				547064641EB822D30069BFE6 /* AFHTTPSessionManager+RACSupport.m in Sources */,
				542D6DE01EC7021000E26F62 /* MAMutablePolyline.m in Sources */,
				B8A05F6D1EE1A50A003AEC95 /* ForgetPasswordView.m in Sources */,
				B8DF48B11EE14B480088377D /* HomeRankCell.m in Sources */,
				542DCC3F1EB1F26A00EDAD91 /* AppDelegate.m in Sources */,
				B8A05F8E1EE2F38F003AEC95 /* UIViewController+BackButtonHandler.m in Sources */,
				B8A05F881EE1CD0A003AEC95 /* ApproveItemCell.m in Sources */,
				542D6DE61EC9A60D00E26F62 /* SportsDetailViewModel.m in Sources */,
				B8A05F7D1EE1C9D5003AEC95 /* SportsPerformanceController.m in Sources */,
				5401BB911EB9CE9B00003C51 /* LineTextField.m in Sources */,
				542D6DEF1EC9AA2500E26F62 /* BaseDao+Category.m in Sources */,
				B8A05F761EE1C5B6003AEC95 /* PersonInfoController.m in Sources */,
				5401BB8B1EB9B2AB00003C51 /* LaunchController.m in Sources */,
				54E92F601EBDA9B00073BABF /* RankingController.m in Sources */,
				5401BB841EB972FD00003C51 /* HomeController.m in Sources */,
				B8604A2E1EE8243A00ACBC8D /* HomeViewModel.m in Sources */,
				542DCC3C1EB1F26A00EDAD91 /* main.m in Sources */,
				B8604A381EEA8BE300ACBC8D /* NSString+JsonToDictionary.m in Sources */,
				B8B522861EE106210038A83C /* HomeTotalCell.m in Sources */,
				B885CBC21EE01CB30074FBEF /* SportsHistoryItemCell.m in Sources */,
				54E92F5A1EBB2E150073BABF /* PersonalCenterView.m in Sources */,
				B8604A3C1EEAA0EB00ACBC8D /* Dao+Home.m in Sources */,
			);
			runOnlyForDeploymentPostprocessing = 0;
		};
		542DCC4C1EB1F26A00EDAD91 /* Sources */ = {
			isa = PBXSourcesBuildPhase;
			buildActionMask = 2147483647;
			files = (
				542DCC551EB1F26A00EDAD91 /* WenZhouSportsUITests.m in Sources */,
			);
			runOnlyForDeploymentPostprocessing = 0;
		};
/* End PBXSourcesBuildPhase section */

/* Begin PBXTargetDependency section */
		542DCC521EB1F26A00EDAD91 /* PBXTargetDependency */ = {
			isa = PBXTargetDependency;
			target = 542DCC361EB1F26A00EDAD91 /* WenZhouSports */;
			targetProxy = 542DCC511EB1F26A00EDAD91 /* PBXContainerItemProxy */;
		};
/* End PBXTargetDependency section */

/* Begin PBXVariantGroup section */
		542DCC481EB1F26A00EDAD91 /* LaunchScreen.storyboard */ = {
			isa = PBXVariantGroup;
			children = (
				542DCC491EB1F26A00EDAD91 /* Base */,
				542D6DF01ECAA6E400E26F62 /* zh-Hans */,
			);
			name = LaunchScreen.storyboard;
			sourceTree = "<group>";
		};
/* End PBXVariantGroup section */

/* Begin XCBuildConfiguration section */
		542DCC571EB1F26A00EDAD91 /* Debug */ = {
			isa = XCBuildConfiguration;
			buildSettings = {
				ALWAYS_SEARCH_USER_PATHS = NO;
				CLANG_ANALYZER_LOCALIZABILITY_NONLOCALIZED = YES;
				CLANG_ANALYZER_NONNULL = YES;
				CLANG_ANALYZER_NUMBER_OBJECT_CONVERSION = YES_AGGRESSIVE;
				CLANG_CXX_LANGUAGE_STANDARD = "gnu++0x";
				CLANG_CXX_LIBRARY = "libc++";
				CLANG_ENABLE_MODULES = YES;
				CLANG_ENABLE_OBJC_ARC = YES;
				CLANG_WARN_BOOL_CONVERSION = YES;
				CLANG_WARN_CONSTANT_CONVERSION = YES;
				CLANG_WARN_DIRECT_OBJC_ISA_USAGE = YES_ERROR;
				CLANG_WARN_DOCUMENTATION_COMMENTS = YES;
				CLANG_WARN_EMPTY_BODY = YES;
				CLANG_WARN_ENUM_CONVERSION = YES;
				CLANG_WARN_INFINITE_RECURSION = YES;
				CLANG_WARN_INT_CONVERSION = YES;
				CLANG_WARN_OBJC_ROOT_CLASS = YES_ERROR;
				CLANG_WARN_SUSPICIOUS_MOVE = YES;
				CLANG_WARN_UNREACHABLE_CODE = YES;
				CLANG_WARN__DUPLICATE_METHOD_MATCH = YES;
				"CODE_SIGN_IDENTITY[sdk=iphoneos*]" = "iPhone Developer";
				COPY_PHASE_STRIP = NO;
				DEBUG_INFORMATION_FORMAT = dwarf;
				ENABLE_STRICT_OBJC_MSGSEND = YES;
				ENABLE_TESTABILITY = YES;
				GCC_C_LANGUAGE_STANDARD = gnu99;
				GCC_DYNAMIC_NO_PIC = NO;
				GCC_NO_COMMON_BLOCKS = YES;
				GCC_OPTIMIZATION_LEVEL = 0;
				GCC_PREPROCESSOR_DEFINITIONS = (
					"DEBUG=1",
					"$(inherited)",
				);
				GCC_WARN_64_TO_32_BIT_CONVERSION = YES;
				GCC_WARN_ABOUT_RETURN_TYPE = YES_ERROR;
				GCC_WARN_UNDECLARED_SELECTOR = YES;
				GCC_WARN_UNINITIALIZED_AUTOS = YES_AGGRESSIVE;
				GCC_WARN_UNUSED_FUNCTION = YES;
				GCC_WARN_UNUSED_VARIABLE = YES;
				IPHONEOS_DEPLOYMENT_TARGET = 8.0;
				MTL_ENABLE_DEBUG_INFO = YES;
				ONLY_ACTIVE_ARCH = YES;
				SDKROOT = iphoneos;
			};
			name = Debug;
		};
		542DCC581EB1F26A00EDAD91 /* Release */ = {
			isa = XCBuildConfiguration;
			buildSettings = {
				ALWAYS_SEARCH_USER_PATHS = NO;
				CLANG_ANALYZER_LOCALIZABILITY_NONLOCALIZED = YES;
				CLANG_ANALYZER_NONNULL = YES;
				CLANG_ANALYZER_NUMBER_OBJECT_CONVERSION = YES_AGGRESSIVE;
				CLANG_CXX_LANGUAGE_STANDARD = "gnu++0x";
				CLANG_CXX_LIBRARY = "libc++";
				CLANG_ENABLE_MODULES = YES;
				CLANG_ENABLE_OBJC_ARC = YES;
				CLANG_WARN_BOOL_CONVERSION = YES;
				CLANG_WARN_CONSTANT_CONVERSION = YES;
				CLANG_WARN_DIRECT_OBJC_ISA_USAGE = YES_ERROR;
				CLANG_WARN_DOCUMENTATION_COMMENTS = YES;
				CLANG_WARN_EMPTY_BODY = YES;
				CLANG_WARN_ENUM_CONVERSION = YES;
				CLANG_WARN_INFINITE_RECURSION = YES;
				CLANG_WARN_INT_CONVERSION = YES;
				CLANG_WARN_OBJC_ROOT_CLASS = YES_ERROR;
				CLANG_WARN_SUSPICIOUS_MOVE = YES;
				CLANG_WARN_UNREACHABLE_CODE = YES;
				CLANG_WARN__DUPLICATE_METHOD_MATCH = YES;
				"CODE_SIGN_IDENTITY[sdk=iphoneos*]" = "iPhone Developer";
				COPY_PHASE_STRIP = NO;
				DEBUG_INFORMATION_FORMAT = "dwarf-with-dsym";
				ENABLE_NS_ASSERTIONS = NO;
				ENABLE_STRICT_OBJC_MSGSEND = YES;
				GCC_C_LANGUAGE_STANDARD = gnu99;
				GCC_NO_COMMON_BLOCKS = YES;
				GCC_WARN_64_TO_32_BIT_CONVERSION = YES;
				GCC_WARN_ABOUT_RETURN_TYPE = YES_ERROR;
				GCC_WARN_UNDECLARED_SELECTOR = YES;
				GCC_WARN_UNINITIALIZED_AUTOS = YES_AGGRESSIVE;
				GCC_WARN_UNUSED_FUNCTION = YES;
				GCC_WARN_UNUSED_VARIABLE = YES;
				IPHONEOS_DEPLOYMENT_TARGET = 8.0;
				MTL_ENABLE_DEBUG_INFO = NO;
				SDKROOT = iphoneos;
				VALIDATE_PRODUCT = YES;
			};
			name = Release;
		};
		542DCC5A1EB1F26A00EDAD91 /* Debug */ = {
			isa = XCBuildConfiguration;
			baseConfigurationReference = 8D2D5A384E5568FC12784D69 /* Pods-WenZhouSports.debug.xcconfig */;
			buildSettings = {
				ASSETCATALOG_COMPILER_APPICON_NAME = AppIcon;
				ASSETCATALOG_COMPILER_LAUNCHIMAGE_NAME = LaunchImage;
				CODE_SIGN_IDENTITY = "iPhone Developer";
				"CODE_SIGN_IDENTITY[sdk=iphoneos*]" = "iPhone Developer";
				DEVELOPMENT_TEAM = 4YEG8PXLF9;
				GCC_PRECOMPILE_PREFIX_HEADER = YES;
				GCC_PREFIX_HEADER = "$(SRCROOT)/WenZhouSports/PrefixHeader.pch";
				INFOPLIST_FILE = WenZhouSports/Info.plist;
				LD_RUNPATH_SEARCH_PATHS = "$(inherited) @executable_path/Frameworks";
				PRODUCT_BUNDLE_IDENTIFIER = com.WenZhouSports.extension;
				PRODUCT_NAME = "$(TARGET_NAME)";
				PROVISIONING_PROFILE_SPECIFIER = "";
				TARGETED_DEVICE_FAMILY = 1;
			};
			name = Debug;
		};
		542DCC5B1EB1F26A00EDAD91 /* Release */ = {
			isa = XCBuildConfiguration;
			baseConfigurationReference = 78BF0E236C7CBBA2E4EF2E90 /* Pods-WenZhouSports.release.xcconfig */;
			buildSettings = {
				ASSETCATALOG_COMPILER_APPICON_NAME = AppIcon;
				ASSETCATALOG_COMPILER_LAUNCHIMAGE_NAME = LaunchImage;
				CODE_SIGN_IDENTITY = "iPhone Developer";
				"CODE_SIGN_IDENTITY[sdk=iphoneos*]" = "iPhone Developer";
				DEVELOPMENT_TEAM = 4YEG8PXLF9;
				GCC_PRECOMPILE_PREFIX_HEADER = YES;
				GCC_PREFIX_HEADER = "$(SRCROOT)/WenZhouSports/PrefixHeader.pch";
				INFOPLIST_FILE = WenZhouSports/Info.plist;
				LD_RUNPATH_SEARCH_PATHS = "$(inherited) @executable_path/Frameworks";
				PRODUCT_BUNDLE_IDENTIFIER = com.WenZhouSports.extension;
				PRODUCT_NAME = "$(TARGET_NAME)";
				PROVISIONING_PROFILE_SPECIFIER = "";
				TARGETED_DEVICE_FAMILY = 1;
			};
			name = Release;
		};
		542DCC5D1EB1F26A00EDAD91 /* Debug */ = {
			isa = XCBuildConfiguration;
			buildSettings = {
				DEVELOPMENT_TEAM = YD55739445;
				INFOPLIST_FILE = WenZhouSportsUITests/Info.plist;
				LD_RUNPATH_SEARCH_PATHS = "$(inherited) @executable_path/Frameworks @loader_path/Frameworks";
				PRODUCT_BUNDLE_IDENTIFIER = com.teewoo.WenZhouSportsUITests;
				PRODUCT_NAME = "$(TARGET_NAME)";
				TEST_TARGET_NAME = WenZhouSports;
			};
			name = Debug;
		};
		542DCC5E1EB1F26A00EDAD91 /* Release */ = {
			isa = XCBuildConfiguration;
			buildSettings = {
				DEVELOPMENT_TEAM = YD55739445;
				INFOPLIST_FILE = WenZhouSportsUITests/Info.plist;
				LD_RUNPATH_SEARCH_PATHS = "$(inherited) @executable_path/Frameworks @loader_path/Frameworks";
				PRODUCT_BUNDLE_IDENTIFIER = com.teewoo.WenZhouSportsUITests;
				PRODUCT_NAME = "$(TARGET_NAME)";
				TEST_TARGET_NAME = WenZhouSports;
			};
			name = Release;
		};
/* End XCBuildConfiguration section */

/* Begin XCConfigurationList section */
		542DCC321EB1F26A00EDAD91 /* Build configuration list for PBXProject "WenZhouSports" */ = {
			isa = XCConfigurationList;
			buildConfigurations = (
				542DCC571EB1F26A00EDAD91 /* Debug */,
				542DCC581EB1F26A00EDAD91 /* Release */,
			);
			defaultConfigurationIsVisible = 0;
			defaultConfigurationName = Release;
		};
		542DCC591EB1F26A00EDAD91 /* Build configuration list for PBXNativeTarget "WenZhouSports" */ = {
			isa = XCConfigurationList;
			buildConfigurations = (
				542DCC5A1EB1F26A00EDAD91 /* Debug */,
				542DCC5B1EB1F26A00EDAD91 /* Release */,
			);
			defaultConfigurationIsVisible = 0;
			defaultConfigurationName = Release;
		};
		542DCC5C1EB1F26A00EDAD91 /* Build configuration list for PBXNativeTarget "WenZhouSportsUITests" */ = {
			isa = XCConfigurationList;
			buildConfigurations = (
				542DCC5D1EB1F26A00EDAD91 /* Debug */,
				542DCC5E1EB1F26A00EDAD91 /* Release */,
			);
			defaultConfigurationIsVisible = 0;
			defaultConfigurationName = Release;
		};
/* End XCConfigurationList section */
	};
	rootObject = 542DCC2F1EB1F26A00EDAD91 /* Project object */;
}
